<?xml version="1.0" encoding="utf-8"?>
<Project ToolsVersion="4.0" xmlns="http://schemas.microsoft.com/developer/msbuild/2003">
  <ItemGroup>
    <Filter Include="Source Files">
      <UniqueIdentifier>{4FC737F1-C7A5-4376-A066-2A32D752A2FF}</UniqueIdentifier>
      <Extensions>cpp;c;cc;cxx;c++;cppm;ixx;def;odl;idl;hpj;bat;asm;asmx</Extensions>
    </Filter>
    <Filter Include="Header Files">
      <UniqueIdentifier>{93995380-89BD-4b04-88EB-625FBE52EBFB}</UniqueIdentifier>
      <Extensions>h;hh;hpp;hxx;h++;hm;inl;inc;ipp;xsd</Extensions>
    </Filter>
    <Filter Include="Resource Files">
      <UniqueIdentifier>{67DA6AB6-F800-4c08-8B7A-83BB121AAD01}</UniqueIdentifier>
      <Extensions>rc;ico;cur;bmp;dlg;rc2;rct;bin;rgs;gif;jpg;jpeg;jpe;resx;tiff;tif;png;wav;mfcribbon-ms</Extensions>
    </Filter>
  </ItemGroup>
  <ItemGroup>
    <ClCompile Include="code\App.cpp">
      <Filter>Source Files</Filter>
    </ClCompile>
    <ClCompile Include="code\WindowUI.cpp">
      <Filter>Source Files</Filter>
    </ClCompile>
    <ClCompile Include="code\Loader.cpp">
      <Filter>Source Files</Filter>
    </ClCompile>
    <ClCompile Include="code\GameLoop.cpp">
      <Filter>Source Files</Filter>
    </ClCompile>
    <ClCompile Include="code\Graphics\IndexBuffer.cpp">
      <Filter>Source Files</Filter>
    </ClCompile>
    <ClCompile Include="code\Graphics\Logging.cpp">
      <Filter>Source Files</Filter>
    </ClCompile>
    <ClCompile Include="code\Graphics\Renderer.cpp">
      <Filter>Source Files</Filter>
    </ClCompile>
    <ClCompile Include="code\Graphics\Shader.cpp">
      <Filter>Source Files</Filter>
    </ClCompile>
    <ClCompile Include="code\Graphics\Texture.cpp">
      <Filter>Source Files</Filter>
    </ClCompile>
    <ClCompile Include="code\Graphics\VertexArray.cpp">
      <Filter>Source Files</Filter>
    </ClCompile>
    <ClCompile Include="code\Graphics\VertexBuffer.cpp">
      <Filter>Source Files</Filter>
    </ClCompile>
    <ClCompile Include="code\vendor\stb_image\stb_image.cpp">
      <Filter>Source Files</Filter>
    </ClCompile>
    <ClCompile Include="code\Graphics\DrawnObject.cpp">
      <Filter>Source Files</Filter>
    </ClCompile>
    <ClCompile Include="code\LevelLoad.cpp">
      <Filter>Source Files</Filter>
    </ClCompile>
    <ClCompile Include="code\Graphics\Coordinating.cpp">
      <Filter>Source Files</Filter>
    </ClCompile>
    <ClCompile Include="code\Items\Entity.cpp">
      <Filter>Source Files</Filter>
    </ClCompile>
    <ClCompile Include="code\Items\Player.cpp">
      <Filter>Source Files</Filter>
    </ClCompile>
  </ItemGroup>
  <ItemGroup>
    <ClInclude Include="code\WindowUI.h">
      <Filter>Header Files</Filter>
    </ClInclude>
    <ClInclude Include="code\GameLoop.h">
      <Filter>Header Files</Filter>
    </ClInclude>
    <ClInclude Include="code\Loader.h">
      <Filter>Header Files</Filter>
    </ClInclude>
    <ClInclude Include="code\Graphics\IndexBuffer.h">
      <Filter>Header Files</Filter>
    </ClInclude>
    <ClInclude Include="code\Graphics\Logging.h">
      <Filter>Header Files</Filter>
    </ClInclude>
    <ClInclude Include="code\Graphics\Renderer.h">
      <Filter>Header Files</Filter>
    </ClInclude>
    <ClInclude Include="code\Graphics\Shader.h">
      <Filter>Header Files</Filter>
    </ClInclude>
    <ClInclude Include="code\Graphics\Texture.h">
      <Filter>Header Files</Filter>
    </ClInclude>
    <ClInclude Include="code\Graphics\VertexArray.h">
      <Filter>Header Files</Filter>
    </ClInclude>
    <ClInclude Include="code\Graphics\VertexBuffer.h">
      <Filter>Header Files</Filter>
    </ClInclude>
    <ClInclude Include="code\Graphics\VertexBufferLayout.h">
      <Filter>Header Files</Filter>
    </ClInclude>
    <ClInclude Include="code\vendor\stb_image\stb_image.h">
      <Filter>Header Files</Filter>
    </ClInclude>
    <ClInclude Include="code\Graphics\DrawnObject.h">
      <Filter>Header Files</Filter>
    </ClInclude>
    <ClInclude Include="code\LevelLoad.h">
      <Filter>Header Files</Filter>
    </ClInclude>
    <ClInclude Include="code\Graphics\Coordinating.h">
      <Filter>Header Files</Filter>
    </ClInclude>
    <ClInclude Include="code\Items\Entity.h">
      <Filter>Header Files</Filter>
    </ClInclude>
    <ClInclude Include="code\Items\Player.h">
      <Filter>Header Files</Filter>
    </ClInclude>
    <ClInclude Include="code\Items\Consts.h">
      <Filter>Header Files</Filter>
    </ClInclude>
  </ItemGroup>
  <ItemGroup>
    <None Include="res\shaders\Basic.shader" />
  </ItemGroup>
  <ItemGroup>
    <Image Include="res\textures\2.png">
      <Filter>Resource Files</Filter>
    </Image>
    <Image Include="res\textures\3.png">
      <Filter>Resource Files</Filter>
    </Image>
    <Image Include="res\textures\4.png">
      <Filter>Resource Files</Filter>
    </Image>
    <Image Include="res\textures\5.png">
      <Filter>Resource Files</Filter>
    </Image>
    <Image Include="res\textures\6.png">
      <Filter>Resource Files</Filter>
    </Image>
    <Image Include="res\textures\Player.png">
      <Filter>Resource Files</Filter>
    </Image>
  </ItemGroup>
</Project>